
Microsoft Visual Studio Solution File, Format Version 12.00
# Visual Studio 15
VisualStudioVersion = 15.0.27130.2027
MinimumVisualStudioVersion = 10.0.40219.1
Project("{8BC9CEB8-8B4A-11D0-8D11-00A0C91BC942}") = "ConsoleApplication2", "ConsoleApplication2\ConsoleApplication2.vcxproj", "{9D86134E-5423-4260-85A8-E6684215F8A2}"
EndProject
Global
	GlobalSection(SolutionConfigurationPlatforms) = preSolution
		Debug|ARM = Debug|ARM
		Debug|x64 = Debug|x64
		Debug|x86 = Debug|x86
		Release|ARM = Release|ARM
		Release|x64 = Release|x64
		Release|x86 = Release|x86
	EndGlobalSection
	GlobalSection(ProjectConfigurationPlatforms) = postSolution
		{9D86134E-5423-4260-85A8-E6684215F8A2}.Debug|ARM.ActiveCfg = Debug|ARM
		{9D86134E-5423-4260-85A8-E6684215F8A2}.Debug|ARM.Build.0 = Debug|ARM
		{9D86134E-5423-4260-85A8-E6684215F8A2}.Debug|x64.ActiveCfg = Debug|ARM
		{9D86134E-5423-4260-85A8-E6684215F8A2}.Debug|x64.Build.0 = Debug|ARM
		{9D86134E-5423-4260-85A8-E6684215F8A2}.Debug|x86.ActiveCfg = Debug|x86
		{9D86134E-5423-4260-85A8-E6684215F8A2}.Debug|x86.Build.0 = Debug|x86
		{9D86134E-5423-4260-85A8-E6684215F8A2}.Release|ARM.ActiveCfg = Release|ARM
		{9D86134E-5423-4260-85A8-E6684215F8A2}.Release|ARM.Build.0 = Release|ARM
		{9D86134E-5423-4260-85A8-E6684215F8A2}.Release|x64.ActiveCfg = Release|x64
		{9D86134E-5423-4260-85A8-E6684215F8A2}.Release|x64.Build.0 = Release|x64
		{9D86134E-5423-4260-85A8-E6684215F8A2}.Release|x86.ActiveCfg = Release|x86
		{9D86134E-5423-4260-85A8-E6684215F8A2}.Release|x86.Build.0 = Release|x86
	EndGlobalSection
	GlobalSection(SolutionProperties) = preSolution
		HideSolutionNode = FALSE
	EndGlobalSection
	GlobalSection(ExtensibilityGlobals) = postSolution
		SolutionGuid = {99D9C447-1FBD-40A4-A52B-B64D006A15E8}
	EndGlobalSection
EndGlobal
